
Microsoft Visual Studio Solution File, Format Version 12.00
# Visual Studio Version 16
VisualStudioVersion = 16.0.30104.148
MinimumVisualStudioVersion = 10.0.40219.1
Project("{FAE04EC0-301F-11D3-BF4B-00C04F79EFBC}") = "FrameworkReporter", "FrameworkReporter\FrameworkReporter.csproj", "{7601B17A-6AFC-49AA-A901-4E5937004E0F}"
EndProject
Global
	GlobalSection(SolutionConfigurationPlatforms) = preSolution
		Debug|Any CPU = Debug|Any CPU
		Release|Any CPU = Release|Any CPU
	EndGlobalSection
	GlobalSection(ProjectConfigurationPlatforms) = postSolution
		{7601B17A-6AFC-49AA-A901-4E5937004E0F}.Debug|Any CPU.ActiveCfg = Debug|Any CPU
		{7601B17A-6AFC-49AA-A901-4E5937004E0F}.Debug|Any CPU.Build.0 = Debug|Any CPU
		{7601B17A-6AFC-49AA-A901-4E5937004E0F}.Release|Any CPU.ActiveCfg = Release|Any CPU
		{7601B17A-6AFC-49AA-A901-4E5937004E0F}.Release|Any CPU.Build.0 = Release|Any CPU
	EndGlobalSection
	GlobalSection(SolutionProperties) = preSolution
		HideSolutionNode = FALSE
	EndGlobalSection
	GlobalSection(ExtensibilityGlobals) = postSolution
		SolutionGuid = {DD5011FB-8030-4798-AAE4-F6E1FE8A4E01}
	EndGlobalSection
EndGlobal
